
Microsoft Visual Studio Solution File, Format Version 12.00
# Visual Studio Version 17
VisualStudioVersion = 17.5.002.0
MinimumVisualStudioVersion = 10.0.40219.1
Project("{9A19103F-16F7-4668-BE54-9A1E7A4F7556}") = "challange2", "challange2.csproj", "{CEBCFB37-C9E0-4F1A-9345-77A72B996D58}"
EndProject
Global
	GlobalSection(SolutionConfigurationPlatforms) = preSolution
		Debug|Any CPU = Debug|Any CPU
		Release|Any CPU = Release|Any CPU
	EndGlobalSection
	GlobalSection(ProjectConfigurationPlatforms) = postSolution
		{CEBCFB37-C9E0-4F1A-9345-77A72B996D58}.Debug|Any CPU.ActiveCfg = Debug|Any CPU
		{CEBCFB37-C9E0-4F1A-9345-77A72B996D58}.Debug|Any CPU.Build.0 = Debug|Any CPU
		{CEBCFB37-C9E0-4F1A-9345-77A72B996D58}.Release|Any CPU.ActiveCfg = Release|Any CPU
		{CEBCFB37-C9E0-4F1A-9345-77A72B996D58}.Release|Any CPU.Build.0 = Release|Any CPU
	EndGlobalSection
	GlobalSection(SolutionProperties) = preSolution
		HideSolutionNode = FALSE
	EndGlobalSection
	GlobalSection(ExtensibilityGlobals) = postSolution
		SolutionGuid = {E79AF303-8639-4271-AA06-BD151F53EB01}
	EndGlobalSection
EndGlobal
